{
  "version": 4,
  "terraform_version": "1.4.6",
  "serial": 15,
  "lineage": "da562f31-6b16-7cd7-49de-f5cb82742c74",
  "outputs": {
    "external_ip_address_vm_1": {
      "value": "62.84.121.110",
      "type": "string"
    },
    "external_ip_address_vm_2": {
      "value": "51.250.101.27",
      "type": "string"
    },
    "internal_ip_address_vm_1": {
      "value": "192.168.10.17",
      "type": "string"
    },
    "internal_ip_address_vm_2": {
      "value": "192.168.10.13",
      "type": "string"
    }
  },
  "resources": [
    {
      "mode": "managed",
      "type": "yandex_compute_instance",
      "name": "vm-1",
      "provider": "provider[\"registry.terraform.io/yandex-cloud/yandex\"]",
      "instances": [
        {
          "schema_version": 1,
          "attributes": {
            "allow_recreate": null,
            "allow_stopping_for_update": null,
            "boot_disk": [
              {
                "auto_delete": true,
                "device_name": "epdmgrmdbomqhesl7abp",
                "disk_id": "epdmgrmdbomqhesl7abp",
                "initialize_params": [
                  {
                    "block_size": 4096,
                    "description": "",
                    "image_id": "fd8o41nbel1uqngk0op2",
                    "name": "",
                    "size": 3,
                    "snapshot_id": "",
                    "type": "network-hdd"
                  }
                ],
                "mode": "READ_WRITE"
              }
            ],
            "created_at": "2023-06-13T01:17:32Z",
            "description": "",
            "filesystem": [],
            "folder_id": "b1gnqb6034hcf5irqh4h",
            "fqdn": "epd57quj13l0uuchuads.auto.internal",
            "gpu_cluster_id": "",
            "hostname": "",
            "id": "epd57quj13l0uuchuads",
            "labels": null,
            "local_disk": [],
            "metadata": {
              "ssh-keys": "DBA:ssh-rsa AAAAB3NzaC1yc2EAAAADAQABAAABgQC9ZXEfDUgqPX0InSCHYkXh40LsUwcHtqMsHvuZUe9ch+I4L2gTUu1Yt0QDCMVHr/Y/SalY7ors8/AxzoOX1QdFQyXPTtXMiBOx9e0+uo2lvIEGFrEy5SJy88SZmwzxvWEKFchhyA+zZ7S4u6kg7gLzGGhz9TxxuAw9vECk+qnp9IvOsB7aeZ05I+e/VkTIYM+LQw8GBvEUaNL05ohi+0H4BIKMGHcYyo2mBSD7YWxgGS3zNVVhD7ZW6syXgG/gj+PLieBEIh0BAhr5xd4tzRBBYrencMFOCJ8spz7eD2wu0cRi0mrEwUS7qFllhV7Kcv1K6I9rt0iOzWnl4xU/eJtuX4yGh6nDa7aQTnoR5qTbW7YZdnuIdaQCa8R9tf6pIwTbGcjL1AN6pz/Y5BP5IU3iy3lZbvvkrlqbW0aj9CU3ZxeOKpFWGKDVVvSwiDE5hp04ThfvTXwl9fyuFX8aoD3srQUSRtm5PfwNe2AanPs32hYjAv9V+S0otyg9sIg2rJc= root@kali\n"
            },
            "metadata_options": [
              {
                "aws_v1_http_endpoint": 1,
                "aws_v1_http_token": 2,
                "gce_http_endpoint": 1,
                "gce_http_token": 1
              }
            ],
            "name": "linux-vm-1",
            "network_acceleration_type": "standard",
            "network_interface": [
              {
                "dns_record": [],
                "index": 0,
                "ip_address": "192.168.10.17",
                "ipv4": true,
                "ipv6": false,
                "ipv6_address": "",
                "ipv6_dns_record": [],
                "mac_address": "d0:0d:53:eb:d3:08",
                "nat": true,
                "nat_dns_record": [],
                "nat_ip_address": "62.84.121.110",
                "nat_ip_version": "IPV4",
                "security_group_ids": [],
                "subnet_id": "e2lj743jukl0m5facnmo"
              }
            ],
            "placement_policy": [
              {
                "host_affinity_rules": [],
                "placement_group_id": ""
              }
            ],
            "platform_id": "standard-v3",
            "resources": [
              {
                "core_fraction": 100,
                "cores": 2,
                "gpus": 0,
                "memory": 2
              }
            ],
            "scheduling_policy": [
              {
                "preemptible": false
              }
            ],
            "secondary_disk": [],
            "service_account_id": "",
            "status": "running",
            "timeouts": null,
            "zone": "ru-central1-b"
          },
          "sensitive_attributes": [],
          "private": "eyJlMmJmYjczMC1lY2FhLTExZTYtOGY4OC0zNDM2M2JjN2M0YzAiOnsiY3JlYXRlIjozMDAwMDAwMDAwMDAsImRlbGV0ZSI6MzAwMDAwMDAwMDAwLCJ1cGRhdGUiOjMwMDAwMDAwMDAwMH0sInNjaGVtYV92ZXJzaW9uIjoiMSJ9",
          "dependencies": [
            "yandex_vpc_network.network-1",
            "yandex_vpc_subnet.subnet-1"
          ]
        }
      ]
    },
    {
      "mode": "managed",
      "type": "yandex_compute_instance",
      "name": "vm-2",
      "provider": "provider[\"registry.terraform.io/yandex-cloud/yandex\"]",
      "instances": [
        {
          "schema_version": 1,
          "attributes": {
            "allow_recreate": null,
            "allow_stopping_for_update": null,
            "boot_disk": [
              {
                "auto_delete": true,
                "device_name": "epdihosrvaa5jp87ior3",
                "disk_id": "epdihosrvaa5jp87ior3",
                "initialize_params": [
                  {
                    "block_size": 4096,
                    "description": "",
                    "image_id": "fd82sqrj4uk9j7vlki3q",
                    "name": "",
                    "size": 8,
                    "snapshot_id": "",
                    "type": "network-hdd"
                  }
                ],
                "mode": "READ_WRITE"
              }
            ],
            "created_at": "2023-06-13T01:17:31Z",
            "description": "",
            "filesystem": [],
            "folder_id": "b1gnqb6034hcf5irqh4h",
            "fqdn": "epdkjtcnku8vatlov0q0.auto.internal",
            "gpu_cluster_id": "",
            "hostname": "",
            "id": "epdkjtcnku8vatlov0q0",
            "labels": null,
            "local_disk": [],
            "metadata": {
              "ssh-keys": "ubuntu:ssh-rsa AAAAB3NzaC1yc2EAAAADAQABAAABgQC9ZXEfDUgqPX0InSCHYkXh40LsUwcHtqMsHvuZUe9ch+I4L2gTUu1Yt0QDCMVHr/Y/SalY7ors8/AxzoOX1QdFQyXPTtXMiBOx9e0+uo2lvIEGFrEy5SJy88SZmwzxvWEKFchhyA+zZ7S4u6kg7gLzGGhz9TxxuAw9vECk+qnp9IvOsB7aeZ05I+e/VkTIYM+LQw8GBvEUaNL05ohi+0H4BIKMGHcYyo2mBSD7YWxgGS3zNVVhD7ZW6syXgG/gj+PLieBEIh0BAhr5xd4tzRBBYrencMFOCJ8spz7eD2wu0cRi0mrEwUS7qFllhV7Kcv1K6I9rt0iOzWnl4xU/eJtuX4yGh6nDa7aQTnoR5qTbW7YZdnuIdaQCa8R9tf6pIwTbGcjL1AN6pz/Y5BP5IU3iy3lZbvvkrlqbW0aj9CU3ZxeOKpFWGKDVVvSwiDE5hp04ThfvTXwl9fyuFX8aoD3srQUSRtm5PfwNe2AanPs32hYjAv9V+S0otyg9sIg2rJc= root@kali\n"
            },
            "metadata_options": [
              {
                "aws_v1_http_endpoint": 1,
                "aws_v1_http_token": 2,
                "gce_http_endpoint": 1,
                "gce_http_token": 1
              }
            ],
            "name": "linux-vm-2",
            "network_acceleration_type": "standard",
            "network_interface": [
              {
                "dns_record": [],
                "index": 0,
                "ip_address": "192.168.10.13",
                "ipv4": true,
                "ipv6": false,
                "ipv6_address": "",
                "ipv6_dns_record": [],
                "mac_address": "d0:0d:14:9f:59:7a",
                "nat": true,
                "nat_dns_record": [],
                "nat_ip_address": "51.250.101.27",
                "nat_ip_version": "IPV4",
                "security_group_ids": [],
                "subnet_id": "e2lj743jukl0m5facnmo"
              }
            ],
            "placement_policy": [
              {
                "host_affinity_rules": [],
                "placement_group_id": ""
              }
            ],
            "platform_id": "standard-v3",
            "resources": [
              {
                "core_fraction": 100,
                "cores": 2,
                "gpus": 0,
                "memory": 2
              }
            ],
            "scheduling_policy": [
              {
                "preemptible": false
              }
            ],
            "secondary_disk": [],
            "service_account_id": "",
            "status": "running",
            "timeouts": null,
            "zone": "ru-central1-b"
          },
          "sensitive_attributes": [],
          "private": "eyJlMmJmYjczMC1lY2FhLTExZTYtOGY4OC0zNDM2M2JjN2M0YzAiOnsiY3JlYXRlIjozMDAwMDAwMDAwMDAsImRlbGV0ZSI6MzAwMDAwMDAwMDAwLCJ1cGRhdGUiOjMwMDAwMDAwMDAwMH0sInNjaGVtYV92ZXJzaW9uIjoiMSJ9",
          "dependencies": [
            "yandex_vpc_network.network-1",
            "yandex_vpc_subnet.subnet-1"
          ]
        }
      ]
    },
    {
      "mode": "managed",
      "type": "yandex_vpc_network",
      "name": "network-1",
      "provider": "provider[\"registry.terraform.io/yandex-cloud/yandex\"]",
      "instances": [
        {
          "schema_version": 0,
          "attributes": {
            "created_at": "2023-06-13T01:17:29Z",
            "default_security_group_id": "",
            "description": "",
            "folder_id": "b1gnqb6034hcf5irqh4h",
            "id": "enpctj8f606d7u2mp90o",
            "labels": {},
            "name": "network1",
            "subnet_ids": [],
            "timeouts": null
          },
          "sensitive_attributes": [],
          "private": "eyJlMmJmYjczMC1lY2FhLTExZTYtOGY4OC0zNDM2M2JjN2M0YzAiOnsiY3JlYXRlIjo2MDAwMDAwMDAwMCwiZGVsZXRlIjo2MDAwMDAwMDAwMCwidXBkYXRlIjo2MDAwMDAwMDAwMH19"
        }
      ]
    },
    {
      "mode": "managed",
      "type": "yandex_vpc_subnet",
      "name": "subnet-1",
      "provider": "provider[\"registry.terraform.io/yandex-cloud/yandex\"]",
      "instances": [
        {
          "schema_version": 0,
          "attributes": {
            "created_at": "2023-06-13T01:17:30Z",
            "description": "",
            "dhcp_options": [],
            "folder_id": "b1gnqb6034hcf5irqh4h",
            "id": "e2lj743jukl0m5facnmo",
            "labels": {},
            "name": "subnet1",
            "network_id": "enpctj8f606d7u2mp90o",
            "route_table_id": "",
            "timeouts": null,
            "v4_cidr_blocks": [
              "192.168.10.0/24"
            ],
            "v6_cidr_blocks": [],
            "zone": "ru-central1-b"
          },
          "sensitive_attributes": [],
          "private": "eyJlMmJmYjczMC1lY2FhLTExZTYtOGY4OC0zNDM2M2JjN2M0YzAiOnsiY3JlYXRlIjoxODAwMDAwMDAwMDAsImRlbGV0ZSI6MTgwMDAwMDAwMDAwLCJ1cGRhdGUiOjE4MDAwMDAwMDAwMH19",
          "dependencies": [
            "yandex_vpc_network.network-1"
          ]
        }
      ]
    }
  ],
  "check_results": null
}
